// !$*UTF8*$!
{
	archiveVersion = 1;
	classes = {
	};
	objectVersion = 56;
	objects = {

/* Begin PBXBuildFile section */
		0C6F36B02C884E2B006F5E83 /* AppDelegate.swift in Sources */ = {isa = PBXBuildFile; fileRef = 0C6F36AF2C884E2B006F5E83 /* AppDelegate.swift */; };
		0C6F36B22C884E2B006F5E83 /* SceneDelegate.swift in Sources */ = {isa = PBXBuildFile; fileRef = 0C6F36B12C884E2B006F5E83 /* SceneDelegate.swift */; };
		0C6F36B42C884E2B006F5E83 /* ViewController.swift in Sources */ = {isa = PBXBuildFile; fileRef = 0C6F36B32C884E2B006F5E83 /* ViewController.swift */; };
		0C6F36B92C884E2C006F5E83 /* Assets.xcassets in Resources */ = {isa = PBXBuildFile; fileRef = 0C6F36B82C884E2C006F5E83 /* Assets.xcassets */; };
		0C6F36BC2C884E2C006F5E83 /* Base in Resources */ = {isa = PBXBuildFile; fileRef = 0C6F36BB2C884E2C006F5E83 /* Base */; };
		0C6F36C72C884E2C006F5E83 /* DigioStoreTests.swift in Sources */ = {isa = PBXBuildFile; fileRef = 0C6F36C62C884E2C006F5E83 /* DigioStoreTests.swift */; };
		0C6F36D12C884E2C006F5E83 /* DigioStoreUITests.swift in Sources */ = {isa = PBXBuildFile; fileRef = 0C6F36D02C884E2C006F5E83 /* DigioStoreUITests.swift */; };
		0C6F36D32C884E2C006F5E83 /* DigioStoreUITestsLaunchTests.swift in Sources */ = {isa = PBXBuildFile; fileRef = 0C6F36D22C884E2C006F5E83 /* DigioStoreUITestsLaunchTests.swift */; };
		0C6F36E82C88FF7C006F5E83 /* Product.swift in Sources */ = {isa = PBXBuildFile; fileRef = 0C6F36E72C88FF7C006F5E83 /* Product.swift */; };
		0C6F36EA2C88FF8A006F5E83 /* SpotlightItem.swift in Sources */ = {isa = PBXBuildFile; fileRef = 0C6F36E92C88FF8A006F5E83 /* SpotlightItem.swift */; };
		0C6F36EC2C88FF91006F5E83 /* CashItem.swift in Sources */ = {isa = PBXBuildFile; fileRef = 0C6F36EB2C88FF91006F5E83 /* CashItem.swift */; };
		0C6F36EF2C88FFAD006F5E83 /* NetworkManager.swift in Sources */ = {isa = PBXBuildFile; fileRef = 0C6F36EE2C88FFAD006F5E83 /* NetworkManager.swift */; };
		0C6F36F12C890057006F5E83 /* DigioStore.swift in Sources */ = {isa = PBXBuildFile; fileRef = 0C6F36F02C890057006F5E83 /* DigioStore.swift */; };
		0C6F36F42C8900DC006F5E83 /* Coordinator.swift in Sources */ = {isa = PBXBuildFile; fileRef = 0C6F36F32C8900DC006F5E83 /* Coordinator.swift */; };
		0C6F36F72C890104006F5E83 /* MainCoordinator.swift in Sources */ = {isa = PBXBuildFile; fileRef = 0C6F36F62C890104006F5E83 /* MainCoordinator.swift */; };
/* End PBXBuildFile section */

/* Begin PBXContainerItemProxy section */
		0C6F36C32C884E2C006F5E83 /* PBXContainerItemProxy */ = {
			isa = PBXContainerItemProxy;
			containerPortal = 0C6F36A42C884E2B006F5E83 /* Project object */;
			proxyType = 1;
			remoteGlobalIDString = 0C6F36AB2C884E2B006F5E83;
			remoteInfo = DigioStore;
		};
		0C6F36CD2C884E2C006F5E83 /* PBXContainerItemProxy */ = {
			isa = PBXContainerItemProxy;
			containerPortal = 0C6F36A42C884E2B006F5E83 /* Project object */;
			proxyType = 1;
			remoteGlobalIDString = 0C6F36AB2C884E2B006F5E83;
			remoteInfo = DigioStore;
		};
/* End PBXContainerItemProxy section */

/* Begin PBXFileReference section */
		0C6F36AC2C884E2B006F5E83 /* DigioStore.app */ = {isa = PBXFileReference; explicitFileType = wrapper.application; includeInIndex = 0; path = DigioStore.app; sourceTree = BUILT_PRODUCTS_DIR; };
		0C6F36AF2C884E2B006F5E83 /* AppDelegate.swift */ = {isa = PBXFileReference; lastKnownFileType = sourcecode.swift; path = AppDelegate.swift; sourceTree = "<group>"; };
		0C6F36B12C884E2B006F5E83 /* SceneDelegate.swift */ = {isa = PBXFileReference; lastKnownFileType = sourcecode.swift; path = SceneDelegate.swift; sourceTree = "<group>"; };
		0C6F36B32C884E2B006F5E83 /* ViewController.swift */ = {isa = PBXFileReference; lastKnownFileType = sourcecode.swift; path = ViewController.swift; sourceTree = "<group>"; };
		0C6F36B82C884E2C006F5E83 /* Assets.xcassets */ = {isa = PBXFileReference; lastKnownFileType = folder.assetcatalog; path = Assets.xcassets; sourceTree = "<group>"; };
		0C6F36BB2C884E2C006F5E83 /* Base */ = {isa = PBXFileReference; lastKnownFileType = file.storyboard; name = Base; path = Base.lproj/LaunchScreen.storyboard; sourceTree = "<group>"; };
		0C6F36BD2C884E2C006F5E83 /* Info.plist */ = {isa = PBXFileReference; lastKnownFileType = text.plist.xml; path = Info.plist; sourceTree = "<group>"; };
		0C6F36C22C884E2C006F5E83 /* DigioStoreTests.xctest */ = {isa = PBXFileReference; explicitFileType = wrapper.cfbundle; includeInIndex = 0; path = DigioStoreTests.xctest; sourceTree = BUILT_PRODUCTS_DIR; };
		0C6F36C62C884E2C006F5E83 /* DigioStoreTests.swift */ = {isa = PBXFileReference; lastKnownFileType = sourcecode.swift; path = DigioStoreTests.swift; sourceTree = "<group>"; };
		0C6F36CC2C884E2C006F5E83 /* DigioStoreUITests.xctest */ = {isa = PBXFileReference; explicitFileType = wrapper.cfbundle; includeInIndex = 0; path = DigioStoreUITests.xctest; sourceTree = BUILT_PRODUCTS_DIR; };
		0C6F36D02C884E2C006F5E83 /* DigioStoreUITests.swift */ = {isa = PBXFileReference; lastKnownFileType = sourcecode.swift; path = DigioStoreUITests.swift; sourceTree = "<group>"; };
		0C6F36D22C884E2C006F5E83 /* DigioStoreUITestsLaunchTests.swift */ = {isa = PBXFileReference; lastKnownFileType = sourcecode.swift; path = DigioStoreUITestsLaunchTests.swift; sourceTree = "<group>"; };
		0C6F36E72C88FF7C006F5E83 /* Product.swift */ = {isa = PBXFileReference; lastKnownFileType = sourcecode.swift; path = Product.swift; sourceTree = "<group>"; };
		0C6F36E92C88FF8A006F5E83 /* SpotlightItem.swift */ = {isa = PBXFileReference; lastKnownFileType = sourcecode.swift; path = SpotlightItem.swift; sourceTree = "<group>"; };
		0C6F36EB2C88FF91006F5E83 /* CashItem.swift */ = {isa = PBXFileReference; lastKnownFileType = sourcecode.swift; path = CashItem.swift; sourceTree = "<group>"; };
		0C6F36EE2C88FFAD006F5E83 /* NetworkManager.swift */ = {isa = PBXFileReference; lastKnownFileType = sourcecode.swift; path = NetworkManager.swift; sourceTree = "<group>"; };
		0C6F36F02C890057006F5E83 /* DigioStore.swift */ = {isa = PBXFileReference; lastKnownFileType = sourcecode.swift; path = DigioStore.swift; sourceTree = "<group>"; };
		0C6F36F32C8900DC006F5E83 /* Coordinator.swift */ = {isa = PBXFileReference; lastKnownFileType = sourcecode.swift; path = Coordinator.swift; sourceTree = "<group>"; };
		0C6F36F62C890104006F5E83 /* MainCoordinator.swift */ = {isa = PBXFileReference; lastKnownFileType = sourcecode.swift; path = MainCoordinator.swift; sourceTree = "<group>"; };
/* End PBXFileReference section */

/* Begin PBXFrameworksBuildPhase section */
		0C6F36A92C884E2B006F5E83 /* Frameworks */ = {
			isa = PBXFrameworksBuildPhase;
			buildActionMask = 2147483647;
			files = (
			);
			runOnlyForDeploymentPostprocessing = 0;
		};
		0C6F36BF2C884E2C006F5E83 /* Frameworks */ = {
			isa = PBXFrameworksBuildPhase;
			buildActionMask = 2147483647;
			files = (
			);
			runOnlyForDeploymentPostprocessing = 0;
		};
		0C6F36C92C884E2C006F5E83 /* Frameworks */ = {
			isa = PBXFrameworksBuildPhase;
			buildActionMask = 2147483647;
			files = (
			);
			runOnlyForDeploymentPostprocessing = 0;
		};
/* End PBXFrameworksBuildPhase section */

/* Begin PBXGroup section */
		0C6F36A32C884E2B006F5E83 = {
			isa = PBXGroup;
			children = (
				0C6F36AE2C884E2B006F5E83 /* DigioStore */,
				0C6F36C52C884E2C006F5E83 /* DigioStoreTests */,
				0C6F36CF2C884E2C006F5E83 /* DigioStoreUITests */,
				0C6F36AD2C884E2B006F5E83 /* Products */,
			);
			sourceTree = "<group>";
		};
		0C6F36AD2C884E2B006F5E83 /* Products */ = {
			isa = PBXGroup;
			children = (
				0C6F36AC2C884E2B006F5E83 /* DigioStore.app */,
				0C6F36C22C884E2C006F5E83 /* DigioStoreTests.xctest */,
				0C6F36CC2C884E2C006F5E83 /* DigioStoreUITests.xctest */,
			);
			name = Products;
			sourceTree = "<group>";
		};
		0C6F36AE2C884E2B006F5E83 /* DigioStore */ = {
			isa = PBXGroup;
			children = (
				0C6F36E02C88FEB3006F5E83 /* Core */,
				0C6F36DF2C88FEA8006F5E83 /* Scenes */,
				0C6F36B82C884E2C006F5E83 /* Assets.xcassets */,
				0C6F36BD2C884E2C006F5E83 /* Info.plist */,
			);
			path = DigioStore;
			sourceTree = "<group>";
		};
		0C6F36C52C884E2C006F5E83 /* DigioStoreTests */ = {
			isa = PBXGroup;
			children = (
				0C6F36C62C884E2C006F5E83 /* DigioStoreTests.swift */,
			);
			path = DigioStoreTests;
			sourceTree = "<group>";
		};
		0C6F36CF2C884E2C006F5E83 /* DigioStoreUITests */ = {
			isa = PBXGroup;
			children = (
				0C6F36D02C884E2C006F5E83 /* DigioStoreUITests.swift */,
				0C6F36D22C884E2C006F5E83 /* DigioStoreUITestsLaunchTests.swift */,
			);
			path = DigioStoreUITests;
			sourceTree = "<group>";
		};
		0C6F36DF2C88FEA8006F5E83 /* Scenes */ = {
			isa = PBXGroup;
			children = (
				0C6F36E32C88FF0A006F5E83 /* Details */,
				0C6F36E22C88FEFD006F5E83 /* Home */,
				0C6F36E12C88FECD006F5E83 /* Main */,
			);
			path = Scenes;
			sourceTree = "<group>";
		};
		0C6F36E02C88FEB3006F5E83 /* Core */ = {
			isa = PBXGroup;
			children = (
				0C6F36F22C8900CB006F5E83 /* Protocols */,
				0C6F36E62C88FF2D006F5E83 /* Models */,
				0C6F36E52C88FF1E006F5E83 /* Extensions */,
				0C6F36E42C88FF18006F5E83 /* Network */,
				0C6F36AF2C884E2B006F5E83 /* AppDelegate.swift */,
				0C6F36B12C884E2B006F5E83 /* SceneDelegate.swift */,
			);
			path = Core;
			sourceTree = "<group>";
		};
		0C6F36E12C88FECD006F5E83 /* Main */ = {
			isa = PBXGroup;
			children = (
				0C6F36F92C890111006F5E83 /* View */,
				0C6F36F82C89010B006F5E83 /* ViewController */,
				0C6F36F52C8900F7006F5E83 /* Coordinator */,
			);
			path = Main;
			sourceTree = "<group>";
		};
		0C6F36E22C88FEFD006F5E83 /* Home */ = {
			isa = PBXGroup;
			children = (
			);
			path = Home;
			sourceTree = "<group>";
		};
		0C6F36E32C88FF0A006F5E83 /* Details */ = {
			isa = PBXGroup;
			children = (
			);
			path = Details;
			sourceTree = "<group>";
		};
		0C6F36E42C88FF18006F5E83 /* Network */ = {
			isa = PBXGroup;
			children = (
				0C6F36EE2C88FFAD006F5E83 /* NetworkManager.swift */,
			);
			path = Network;
			sourceTree = "<group>";
		};
		0C6F36E52C88FF1E006F5E83 /* Extensions */ = {
			isa = PBXGroup;
			children = (
			);
			path = Extensions;
			sourceTree = "<group>";
		};
		0C6F36E62C88FF2D006F5E83 /* Models */ = {
			isa = PBXGroup;
			children = (
				0C6F36E72C88FF7C006F5E83 /* Product.swift */,
				0C6F36E92C88FF8A006F5E83 /* SpotlightItem.swift */,
				0C6F36EB2C88FF91006F5E83 /* CashItem.swift */,
				0C6F36F02C890057006F5E83 /* DigioStore.swift */,
			);
			path = Models;
			sourceTree = "<group>";
		};
		0C6F36F22C8900CB006F5E83 /* Protocols */ = {
			isa = PBXGroup;
			children = (
				0C6F36F32C8900DC006F5E83 /* Coordinator.swift */,
			);
			path = Protocols;
			sourceTree = "<group>";
		};
		0C6F36F52C8900F7006F5E83 /* Coordinator */ = {
			isa = PBXGroup;
			children = (
				0C6F36F62C890104006F5E83 /* MainCoordinator.swift */,
			);
			path = Coordinator;
			sourceTree = "<group>";
		};
		0C6F36F82C89010B006F5E83 /* ViewController */ = {
			isa = PBXGroup;
			children = (
				0C6F36B32C884E2B006F5E83 /* ViewController.swift */,
			);
			path = ViewController;
			sourceTree = "<group>";
		};
		0C6F36F92C890111006F5E83 /* View */ = {
			isa = PBXGroup;
			children = (
				0C6F36BA2C884E2C006F5E83 /* LaunchScreen.storyboard */,
			);
			path = View;
			sourceTree = "<group>";
		};
/* End PBXGroup section */

/* Begin PBXNativeTarget section */
		0C6F36AB2C884E2B006F5E83 /* DigioStore */ = {
			isa = PBXNativeTarget;
			buildConfigurationList = 0C6F36D62C884E2C006F5E83 /* Build configuration list for PBXNativeTarget "DigioStore" */;
			buildPhases = (
				0C6F36A82C884E2B006F5E83 /* Sources */,
				0C6F36A92C884E2B006F5E83 /* Frameworks */,
				0C6F36AA2C884E2B006F5E83 /* Resources */,
			);
			buildRules = (
			);
			dependencies = (
			);
			name = DigioStore;
			productName = DigioStore;
			productReference = 0C6F36AC2C884E2B006F5E83 /* DigioStore.app */;
			productType = "com.apple.product-type.application";
		};
		0C6F36C12C884E2C006F5E83 /* DigioStoreTests */ = {
			isa = PBXNativeTarget;
			buildConfigurationList = 0C6F36D92C884E2C006F5E83 /* Build configuration list for PBXNativeTarget "DigioStoreTests" */;
			buildPhases = (
				0C6F36BE2C884E2C006F5E83 /* Sources */,
				0C6F36BF2C884E2C006F5E83 /* Frameworks */,
				0C6F36C02C884E2C006F5E83 /* Resources */,
			);
			buildRules = (
			);
			dependencies = (
				0C6F36C42C884E2C006F5E83 /* PBXTargetDependency */,
			);
			name = DigioStoreTests;
			productName = DigioStoreTests;
			productReference = 0C6F36C22C884E2C006F5E83 /* DigioStoreTests.xctest */;
			productType = "com.apple.product-type.bundle.unit-test";
		};
		0C6F36CB2C884E2C006F5E83 /* DigioStoreUITests */ = {
			isa = PBXNativeTarget;
			buildConfigurationList = 0C6F36DC2C884E2C006F5E83 /* Build configuration list for PBXNativeTarget "DigioStoreUITests" */;
			buildPhases = (
				0C6F36C82C884E2C006F5E83 /* Sources */,
				0C6F36C92C884E2C006F5E83 /* Frameworks */,
				0C6F36CA2C884E2C006F5E83 /* Resources */,
			);
			buildRules = (
			);
			dependencies = (
				0C6F36CE2C884E2C006F5E83 /* PBXTargetDependency */,
			);
			name = DigioStoreUITests;
			productName = DigioStoreUITests;
			productReference = 0C6F36CC2C884E2C006F5E83 /* DigioStoreUITests.xctest */;
			productType = "com.apple.product-type.bundle.ui-testing";
		};
/* End PBXNativeTarget section */

/* Begin PBXProject section */
		0C6F36A42C884E2B006F5E83 /* Project object */ = {
			isa = PBXProject;
			attributes = {
				BuildIndependentTargetsInParallel = 1;
				LastSwiftUpdateCheck = 1540;
				LastUpgradeCheck = 1540;
				TargetAttributes = {
					0C6F36AB2C884E2B006F5E83 = {
						CreatedOnToolsVersion = 15.4;
					};
					0C6F36C12C884E2C006F5E83 = {
						CreatedOnToolsVersion = 15.4;
						TestTargetID = 0C6F36AB2C884E2B006F5E83;
					};
					0C6F36CB2C884E2C006F5E83 = {
						CreatedOnToolsVersion = 15.4;
						TestTargetID = 0C6F36AB2C884E2B006F5E83;
					};
				};
			};
			buildConfigurationList = 0C6F36A72C884E2B006F5E83 /* Build configuration list for PBXProject "DigioStore" */;
			compatibilityVersion = "Xcode 14.0";
			developmentRegion = en;
			hasScannedForEncodings = 0;
			knownRegions = (
				en,
				Base,
			);
			mainGroup = 0C6F36A32C884E2B006F5E83;
			productRefGroup = 0C6F36AD2C884E2B006F5E83 /* Products */;
			projectDirPath = "";
			projectRoot = "";
			targets = (
				0C6F36AB2C884E2B006F5E83 /* DigioStore */,
				0C6F36C12C884E2C006F5E83 /* DigioStoreTests */,
				0C6F36CB2C884E2C006F5E83 /* DigioStoreUITests */,
			);
		};
/* End PBXProject section */

/* Begin PBXResourcesBuildPhase section */
		0C6F36AA2C884E2B006F5E83 /* Resources */ = {
			isa = PBXResourcesBuildPhase;
			buildActionMask = 2147483647;
			files = (
				0C6F36B92C884E2C006F5E83 /* Assets.xcassets in Resources */,
				0C6F36BC2C884E2C006F5E83 /* Base in Resources */,
			);
			runOnlyForDeploymentPostprocessing = 0;
		};
		0C6F36C02C884E2C006F5E83 /* Resources */ = {
			isa = PBXResourcesBuildPhase;
			buildActionMask = 2147483647;
			files = (
			);
			runOnlyForDeploymentPostprocessing = 0;
		};
		0C6F36CA2C884E2C006F5E83 /* Resources */ = {
			isa = PBXResourcesBuildPhase;
			buildActionMask = 2147483647;
			files = (
			);
			runOnlyForDeploymentPostprocessing = 0;
		};
/* End PBXResourcesBuildPhase section */

/* Begin PBXSourcesBuildPhase section */
		0C6F36A82C884E2B006F5E83 /* Sources */ = {
			isa = PBXSourcesBuildPhase;
			buildActionMask = 2147483647;
			files = (
				0C6F36EA2C88FF8A006F5E83 /* SpotlightItem.swift in Sources */,
				0C6F36B42C884E2B006F5E83 /* ViewController.swift in Sources */,
				0C6F36E82C88FF7C006F5E83 /* Product.swift in Sources */,
				0C6F36F72C890104006F5E83 /* MainCoordinator.swift in Sources */,
				0C6F36EF2C88FFAD006F5E83 /* NetworkManager.swift in Sources */,
				0C6F36F12C890057006F5E83 /* DigioStore.swift in Sources */,
				0C6F36B02C884E2B006F5E83 /* AppDelegate.swift in Sources */,
				0C6F36B22C884E2B006F5E83 /* SceneDelegate.swift in Sources */,
				0C6F36EC2C88FF91006F5E83 /* CashItem.swift in Sources */,
				0C6F36F42C8900DC006F5E83 /* Coordinator.swift in Sources */,
			);
			runOnlyForDeploymentPostprocessing = 0;
		};
		0C6F36BE2C884E2C006F5E83 /* Sources */ = {
			isa = PBXSourcesBuildPhase;
			buildActionMask = 2147483647;
			files = (
				0C6F36C72C884E2C006F5E83 /* DigioStoreTests.swift in Sources */,
			);
			runOnlyForDeploymentPostprocessing = 0;
		};
		0C6F36C82C884E2C006F5E83 /* Sources */ = {
			isa = PBXSourcesBuildPhase;
			buildActionMask = 2147483647;
			files = (
				0C6F36D12C884E2C006F5E83 /* DigioStoreUITests.swift in Sources */,
				0C6F36D32C884E2C006F5E83 /* DigioStoreUITestsLaunchTests.swift in Sources */,
			);
			runOnlyForDeploymentPostprocessing = 0;
		};
/* End PBXSourcesBuildPhase section */

/* Begin PBXTargetDependency section */
		0C6F36C42C884E2C006F5E83 /* PBXTargetDependency */ = {
			isa = PBXTargetDependency;
			target = 0C6F36AB2C884E2B006F5E83 /* DigioStore */;
			targetProxy = 0C6F36C32C884E2C006F5E83 /* PBXContainerItemProxy */;
		};
		0C6F36CE2C884E2C006F5E83 /* PBXTargetDependency */ = {
			isa = PBXTargetDependency;
			target = 0C6F36AB2C884E2B006F5E83 /* DigioStore */;
			targetProxy = 0C6F36CD2C884E2C006F5E83 /* PBXContainerItemProxy */;
		};
/* End PBXTargetDependency section */

/* Begin PBXVariantGroup section */
		0C6F36BA2C884E2C006F5E83 /* LaunchScreen.storyboard */ = {
			isa = PBXVariantGroup;
			children = (
				0C6F36BB2C884E2C006F5E83 /* Base */,
			);
			name = LaunchScreen.storyboard;
			sourceTree = "<group>";
		};
/* End PBXVariantGroup section */

/* Begin XCBuildConfiguration section */
		0C6F36D42C884E2C006F5E83 /* Debug */ = {
			isa = XCBuildConfiguration;
			buildSettings = {
				ALWAYS_SEARCH_USER_PATHS = NO;
				ASSETCATALOG_COMPILER_GENERATE_SWIFT_ASSET_SYMBOL_EXTENSIONS = YES;
				CLANG_ANALYZER_NONNULL = YES;
				CLANG_ANALYZER_NUMBER_OBJECT_CONVERSION = YES_AGGRESSIVE;
				CLANG_CXX_LANGUAGE_STANDARD = "gnu++20";
				CLANG_ENABLE_MODULES = YES;
				CLANG_ENABLE_OBJC_ARC = YES;
				CLANG_ENABLE_OBJC_WEAK = YES;
				CLANG_WARN_BLOCK_CAPTURE_AUTORELEASING = YES;
				CLANG_WARN_BOOL_CONVERSION = YES;
				CLANG_WARN_COMMA = YES;
				CLANG_WARN_CONSTANT_CONVERSION = YES;
				CLANG_WARN_DEPRECATED_OBJC_IMPLEMENTATIONS = YES;
				CLANG_WARN_DIRECT_OBJC_ISA_USAGE = YES_ERROR;
				CLANG_WARN_DOCUMENTATION_COMMENTS = YES;
				CLANG_WARN_EMPTY_BODY = YES;
				CLANG_WARN_ENUM_CONVERSION = YES;
				CLANG_WARN_INFINITE_RECURSION = YES;
				CLANG_WARN_INT_CONVERSION = YES;
				CLANG_WARN_NON_LITERAL_NULL_CONVERSION = YES;
				CLANG_WARN_OBJC_IMPLICIT_RETAIN_SELF = YES;
				CLANG_WARN_OBJC_LITERAL_CONVERSION = YES;
				CLANG_WARN_OBJC_ROOT_CLASS = YES_ERROR;
				CLANG_WARN_QUOTED_INCLUDE_IN_FRAMEWORK_HEADER = YES;
				CLANG_WARN_RANGE_LOOP_ANALYSIS = YES;
				CLANG_WARN_STRICT_PROTOTYPES = YES;
				CLANG_WARN_SUSPICIOUS_MOVE = YES;
				CLANG_WARN_UNGUARDED_AVAILABILITY = YES_AGGRESSIVE;
				CLANG_WARN_UNREACHABLE_CODE = YES;
				CLANG_WARN__DUPLICATE_METHOD_MATCH = YES;
				COPY_PHASE_STRIP = NO;
				DEBUG_INFORMATION_FORMAT = dwarf;
				ENABLE_STRICT_OBJC_MSGSEND = YES;
				ENABLE_TESTABILITY = YES;
				ENABLE_USER_SCRIPT_SANDBOXING = YES;
				GCC_C_LANGUAGE_STANDARD = gnu17;
				GCC_DYNAMIC_NO_PIC = NO;
				GCC_NO_COMMON_BLOCKS = YES;
				GCC_OPTIMIZATION_LEVEL = 0;
				GCC_PREPROCESSOR_DEFINITIONS = (
					"DEBUG=1",
					"$(inherited)",
				);
				GCC_WARN_64_TO_32_BIT_CONVERSION = YES;
				GCC_WARN_ABOUT_RETURN_TYPE = YES_ERROR;
				GCC_WARN_UNDECLARED_SELECTOR = YES;
				GCC_WARN_UNINITIALIZED_AUTOS = YES_AGGRESSIVE;
				GCC_WARN_UNUSED_FUNCTION = YES;
				GCC_WARN_UNUSED_VARIABLE = YES;
				IPHONEOS_DEPLOYMENT_TARGET = 17.5;
				LOCALIZATION_PREFERS_STRING_CATALOGS = YES;
				MTL_ENABLE_DEBUG_INFO = INCLUDE_SOURCE;
				MTL_FAST_MATH = YES;
				ONLY_ACTIVE_ARCH = YES;
				SDKROOT = iphoneos;
				SWIFT_ACTIVE_COMPILATION_CONDITIONS = "DEBUG $(inherited)";
				SWIFT_OPTIMIZATION_LEVEL = "-Onone";
			};
			name = Debug;
		};
		0C6F36D52C884E2C006F5E83 /* Release */ = {
			isa = XCBuildConfiguration;
			buildSettings = {
				ALWAYS_SEARCH_USER_PATHS = NO;
				ASSETCATALOG_COMPILER_GENERATE_SWIFT_ASSET_SYMBOL_EXTENSIONS = YES;
				CLANG_ANALYZER_NONNULL = YES;
				CLANG_ANALYZER_NUMBER_OBJECT_CONVERSION = YES_AGGRESSIVE;
				CLANG_CXX_LANGUAGE_STANDARD = "gnu++20";
				CLANG_ENABLE_MODULES = YES;
				CLANG_ENABLE_OBJC_ARC = YES;
				CLANG_ENABLE_OBJC_WEAK = YES;
				CLANG_WARN_BLOCK_CAPTURE_AUTORELEASING = YES;
				CLANG_WARN_BOOL_CONVERSION = YES;
				CLANG_WARN_COMMA = YES;
				CLANG_WARN_CONSTANT_CONVERSION = YES;
				CLANG_WARN_DEPRECATED_OBJC_IMPLEMENTATIONS = YES;
				CLANG_WARN_DIRECT_OBJC_ISA_USAGE = YES_ERROR;
				CLANG_WARN_DOCUMENTATION_COMMENTS = YES;
				CLANG_WARN_EMPTY_BODY = YES;
				CLANG_WARN_ENUM_CONVERSION = YES;
				CLANG_WARN_INFINITE_RECURSION = YES;
				CLANG_WARN_INT_CONVERSION = YES;
				CLANG_WARN_NON_LITERAL_NULL_CONVERSION = YES;
				CLANG_WARN_OBJC_IMPLICIT_RETAIN_SELF = YES;
				CLANG_WARN_OBJC_LITERAL_CONVERSION = YES;
				CLANG_WARN_OBJC_ROOT_CLASS = YES_ERROR;
				CLANG_WARN_QUOTED_INCLUDE_IN_FRAMEWORK_HEADER = YES;
				CLANG_WARN_RANGE_LOOP_ANALYSIS = YES;
				CLANG_WARN_STRICT_PROTOTYPES = YES;
				CLANG_WARN_SUSPICIOUS_MOVE = YES;
				CLANG_WARN_UNGUARDED_AVAILABILITY = YES_AGGRESSIVE;
				CLANG_WARN_UNREACHABLE_CODE = YES;
				CLANG_WARN__DUPLICATE_METHOD_MATCH = YES;
				COPY_PHASE_STRIP = NO;
				DEBUG_INFORMATION_FORMAT = "dwarf-with-dsym";
				ENABLE_NS_ASSERTIONS = NO;
				ENABLE_STRICT_OBJC_MSGSEND = YES;
				ENABLE_USER_SCRIPT_SANDBOXING = YES;
				GCC_C_LANGUAGE_STANDARD = gnu17;
				GCC_NO_COMMON_BLOCKS = YES;
				GCC_WARN_64_TO_32_BIT_CONVERSION = YES;
				GCC_WARN_ABOUT_RETURN_TYPE = YES_ERROR;
				GCC_WARN_UNDECLARED_SELECTOR = YES;
				GCC_WARN_UNINITIALIZED_AUTOS = YES_AGGRESSIVE;
				GCC_WARN_UNUSED_FUNCTION = YES;
				GCC_WARN_UNUSED_VARIABLE = YES;
				IPHONEOS_DEPLOYMENT_TARGET = 17.5;
				LOCALIZATION_PREFERS_STRING_CATALOGS = YES;
				MTL_ENABLE_DEBUG_INFO = NO;
				MTL_FAST_MATH = YES;
				SDKROOT = iphoneos;
				SWIFT_COMPILATION_MODE = wholemodule;
				VALIDATE_PRODUCT = YES;
			};
			name = Release;
		};
		0C6F36D72C884E2C006F5E83 /* Debug */ = {
			isa = XCBuildConfiguration;
			buildSettings = {
				ASSETCATALOG_COMPILER_APPICON_NAME = AppIcon;
				ASSETCATALOG_COMPILER_GLOBAL_ACCENT_COLOR_NAME = AccentColor;
				CODE_SIGN_STYLE = Automatic;
				CURRENT_PROJECT_VERSION = 1;
				GENERATE_INFOPLIST_FILE = YES;
				INFOPLIST_FILE = DigioStore/Info.plist;
				INFOPLIST_KEY_UIApplicationSupportsIndirectInputEvents = YES;
				INFOPLIST_KEY_UILaunchStoryboardName = LaunchScreen;
				INFOPLIST_KEY_UISupportedInterfaceOrientations_iPad = "UIInterfaceOrientationPortrait UIInterfaceOrientationPortraitUpsideDown UIInterfaceOrientationLandscapeLeft UIInterfaceOrientationLandscapeRight";
				INFOPLIST_KEY_UISupportedInterfaceOrientations_iPhone = "UIInterfaceOrientationPortrait UIInterfaceOrientationLandscapeLeft UIInterfaceOrientationLandscapeRight";
				LD_RUNPATH_SEARCH_PATHS = (
					"$(inherited)",
					"@executable_path/Frameworks",
				);
				MARKETING_VERSION = 1.0;
				PRODUCT_BUNDLE_IDENTIFIER = yagovanzan.DigioStore;
				PRODUCT_NAME = "$(TARGET_NAME)";
				SWIFT_EMIT_LOC_STRINGS = YES;
				SWIFT_VERSION = 5.0;
				TARGETED_DEVICE_FAMILY = "1,2";
			};
			name = Debug;
		};
		0C6F36D82C884E2C006F5E83 /* Release */ = {
			isa = XCBuildConfiguration;
			buildSettings = {
				ASSETCATALOG_COMPILER_APPICON_NAME = AppIcon;
				ASSETCATALOG_COMPILER_GLOBAL_ACCENT_COLOR_NAME = AccentColor;
				CODE_SIGN_STYLE = Automatic;
				CURRENT_PROJECT_VERSION = 1;
				GENERATE_INFOPLIST_FILE = YES;
				INFOPLIST_FILE = DigioStore/Info.plist;
				INFOPLIST_KEY_UIApplicationSupportsIndirectInputEvents = YES;
				INFOPLIST_KEY_UILaunchStoryboardName = LaunchScreen;
				INFOPLIST_KEY_UISupportedInterfaceOrientations_iPad = "UIInterfaceOrientationPortrait UIInterfaceOrientationPortraitUpsideDown UIInterfaceOrientationLandscapeLeft UIInterfaceOrientationLandscapeRight";
				INFOPLIST_KEY_UISupportedInterfaceOrientations_iPhone = "UIInterfaceOrientationPortrait UIInterfaceOrientationLandscapeLeft UIInterfaceOrientationLandscapeRight";
				LD_RUNPATH_SEARCH_PATHS = (
					"$(inherited)",
					"@executable_path/Frameworks",
				);
				MARKETING_VERSION = 1.0;
				PRODUCT_BUNDLE_IDENTIFIER = yagovanzan.DigioStore;
				PRODUCT_NAME = "$(TARGET_NAME)";
				SWIFT_EMIT_LOC_STRINGS = YES;
				SWIFT_VERSION = 5.0;
				TARGETED_DEVICE_FAMILY = "1,2";
			};
			name = Release;
		};
		0C6F36DA2C884E2C006F5E83 /* Debug */ = {
			isa = XCBuildConfiguration;
			buildSettings = {
				ALWAYS_EMBED_SWIFT_STANDARD_LIBRARIES = YES;
				BUNDLE_LOADER = "$(TEST_HOST)";
				CODE_SIGN_STYLE = Automatic;
				CURRENT_PROJECT_VERSION = 1;
				GENERATE_INFOPLIST_FILE = YES;
				IPHONEOS_DEPLOYMENT_TARGET = 17.5;
				MARKETING_VERSION = 1.0;
				PRODUCT_BUNDLE_IDENTIFIER = yagovanzan.DigioStoreTests;
				PRODUCT_NAME = "$(TARGET_NAME)";
				SWIFT_EMIT_LOC_STRINGS = NO;
				SWIFT_VERSION = 5.0;
				TARGETED_DEVICE_FAMILY = "1,2";
				TEST_HOST = "$(BUILT_PRODUCTS_DIR)/DigioStore.app/$(BUNDLE_EXECUTABLE_FOLDER_PATH)/DigioStore";
			};
			name = Debug;
		};
		0C6F36DB2C884E2C006F5E83 /* Release */ = {
			isa = XCBuildConfiguration;
			buildSettings = {
				ALWAYS_EMBED_SWIFT_STANDARD_LIBRARIES = YES;
				BUNDLE_LOADER = "$(TEST_HOST)";
				CODE_SIGN_STYLE = Automatic;
				CURRENT_PROJECT_VERSION = 1;
				GENERATE_INFOPLIST_FILE = YES;
				IPHONEOS_DEPLOYMENT_TARGET = 17.5;
				MARKETING_VERSION = 1.0;
				PRODUCT_BUNDLE_IDENTIFIER = yagovanzan.DigioStoreTests;
				PRODUCT_NAME = "$(TARGET_NAME)";
				SWIFT_EMIT_LOC_STRINGS = NO;
				SWIFT_VERSION = 5.0;
				TARGETED_DEVICE_FAMILY = "1,2";
				TEST_HOST = "$(BUILT_PRODUCTS_DIR)/DigioStore.app/$(BUNDLE_EXECUTABLE_FOLDER_PATH)/DigioStore";
			};
			name = Release;
		};
		0C6F36DD2C884E2C006F5E83 /* Debug */ = {
			isa = XCBuildConfiguration;
			buildSettings = {
				ALWAYS_EMBED_SWIFT_STANDARD_LIBRARIES = YES;
				CODE_SIGN_STYLE = Automatic;
				CURRENT_PROJECT_VERSION = 1;
				GENERATE_INFOPLIST_FILE = YES;
				MARKETING_VERSION = 1.0;
				PRODUCT_BUNDLE_IDENTIFIER = yagovanzan.DigioStoreUITests;
				PRODUCT_NAME = "$(TARGET_NAME)";
				SWIFT_EMIT_LOC_STRINGS = NO;
				SWIFT_VERSION = 5.0;
				TARGETED_DEVICE_FAMILY = "1,2";
				TEST_TARGET_NAME = DigioStore;
			};
			name = Debug;
		};
		0C6F36DE2C884E2C006F5E83 /* Release */ = {
			isa = XCBuildConfiguration;
			buildSettings = {
				ALWAYS_EMBED_SWIFT_STANDARD_LIBRARIES = YES;
				CODE_SIGN_STYLE = Automatic;
				CURRENT_PROJECT_VERSION = 1;
				GENERATE_INFOPLIST_FILE = YES;
				MARKETING_VERSION = 1.0;
				PRODUCT_BUNDLE_IDENTIFIER = yagovanzan.DigioStoreUITests;
				PRODUCT_NAME = "$(TARGET_NAME)";
				SWIFT_EMIT_LOC_STRINGS = NO;
				SWIFT_VERSION = 5.0;
				TARGETED_DEVICE_FAMILY = "1,2";
				TEST_TARGET_NAME = DigioStore;
			};
			name = Release;
		};
/* End XCBuildConfiguration section */

/* Begin XCConfigurationList section */
		0C6F36A72C884E2B006F5E83 /* Build configuration list for PBXProject "DigioStore" */ = {
			isa = XCConfigurationList;
			buildConfigurations = (
				0C6F36D42C884E2C006F5E83 /* Debug */,
				0C6F36D52C884E2C006F5E83 /* Release */,
			);
			defaultConfigurationIsVisible = 0;
			defaultConfigurationName = Release;
		};
		0C6F36D62C884E2C006F5E83 /* Build configuration list for PBXNativeTarget "DigioStore" */ = {
			isa = XCConfigurationList;
			buildConfigurations = (
				0C6F36D72C884E2C006F5E83 /* Debug */,
				0C6F36D82C884E2C006F5E83 /* Release */,
			);
			defaultConfigurationIsVisible = 0;
			defaultConfigurationName = Release;
		};
		0C6F36D92C884E2C006F5E83 /* Build configuration list for PBXNativeTarget "DigioStoreTests" */ = {
			isa = XCConfigurationList;
			buildConfigurations = (
				0C6F36DA2C884E2C006F5E83 /* Debug */,
				0C6F36DB2C884E2C006F5E83 /* Release */,
			);
			defaultConfigurationIsVisible = 0;
			defaultConfigurationName = Release;
		};
		0C6F36DC2C884E2C006F5E83 /* Build configuration list for PBXNativeTarget "DigioStoreUITests" */ = {
			isa = XCConfigurationList;
			buildConfigurations = (
				0C6F36DD2C884E2C006F5E83 /* Debug */,
				0C6F36DE2C884E2C006F5E83 /* Release */,
			);
			defaultConfigurationIsVisible = 0;
			defaultConfigurationName = Release;
		};
/* End XCConfigurationList section */
	};
	rootObject = 0C6F36A42C884E2B006F5E83 /* Project object */;
}
